
Microsoft Visual Studio Solution File, Format Version 12.00
# Visual Studio Version 17
VisualStudioVersion = 17.14.36414.22
MinimumVisualStudioVersion = 10.0.40219.1
Project("{FAE04EC0-301F-11D3-BF4B-00C04F79EFBC}") = "ECommerce.API", "ECommerce.API\ECommerce.API.csproj", "{AEF408E7-E03A-4366-A8DE-54EF851BB9CC}"
EndProject
Project("{FAE04EC0-301F-11D3-BF4B-00C04F79EFBC}") = "ECommerce.Application", "ECommerce.Application\ECommerce.Application.csproj", "{13FDB664-6512-451F-9A4B-7FBC366CE56F}"
EndProject
Project("{FAE04EC0-301F-11D3-BF4B-00C04F79EFBC}") = "ECommerce.Domain", "ECommerce.Domain\ECommerce.Domain.csproj", "{152B34AA-53DE-4399-B60A-A774CC956664}"
EndProject
Project("{FAE04EC0-301F-11D3-BF4B-00C04F79EFBC}") = "ECommerce.Infrastructure", "ECommerce.Infrastructure\ECommerce.Infrastructure.csproj", "{5C4BAE1A-000F-435D-BF9B-4102088A067A}"
EndProject
Project("{FAE04EC0-301F-11D3-BF4B-00C04F79EFBC}") = "ECommerce.Shared", "ECommerce.Shared\ECommerce.Shared.csproj", "{C76AFCBF-4465-4C14-B95A-1A8ACB339550}"
EndProject
Project("{FAE04EC0-301F-11D3-BF4B-00C04F79EFBC}") = "TestProject1", "TestProject1\TestProject1.csproj", "{3AD3ED52-A603-41F0-9E09-F2A4B8F0AEA4}"
EndProject
Global
	GlobalSection(SolutionConfigurationPlatforms) = preSolution
		Debug|Any CPU = Debug|Any CPU
		Release|Any CPU = Release|Any CPU
	EndGlobalSection
	GlobalSection(ProjectConfigurationPlatforms) = postSolution
		{AEF408E7-E03A-4366-A8DE-54EF851BB9CC}.Debug|Any CPU.ActiveCfg = Debug|Any CPU
		{AEF408E7-E03A-4366-A8DE-54EF851BB9CC}.Debug|Any CPU.Build.0 = Debug|Any CPU
		{AEF408E7-E03A-4366-A8DE-54EF851BB9CC}.Release|Any CPU.ActiveCfg = Release|Any CPU
		{AEF408E7-E03A-4366-A8DE-54EF851BB9CC}.Release|Any CPU.Build.0 = Release|Any CPU
		{13FDB664-6512-451F-9A4B-7FBC366CE56F}.Debug|Any CPU.ActiveCfg = Debug|Any CPU
		{13FDB664-6512-451F-9A4B-7FBC366CE56F}.Debug|Any CPU.Build.0 = Debug|Any CPU
		{13FDB664-6512-451F-9A4B-7FBC366CE56F}.Release|Any CPU.ActiveCfg = Release|Any CPU
		{13FDB664-6512-451F-9A4B-7FBC366CE56F}.Release|Any CPU.Build.0 = Release|Any CPU
		{152B34AA-53DE-4399-B60A-A774CC956664}.Debug|Any CPU.ActiveCfg = Debug|Any CPU
		{152B34AA-53DE-4399-B60A-A774CC956664}.Debug|Any CPU.Build.0 = Debug|Any CPU
		{152B34AA-53DE-4399-B60A-A774CC956664}.Release|Any CPU.ActiveCfg = Release|Any CPU
		{152B34AA-53DE-4399-B60A-A774CC956664}.Release|Any CPU.Build.0 = Release|Any CPU
		{5C4BAE1A-000F-435D-BF9B-4102088A067A}.Debug|Any CPU.ActiveCfg = Debug|Any CPU
		{5C4BAE1A-000F-435D-BF9B-4102088A067A}.Debug|Any CPU.Build.0 = Debug|Any CPU
		{5C4BAE1A-000F-435D-BF9B-4102088A067A}.Release|Any CPU.ActiveCfg = Release|Any CPU
		{5C4BAE1A-000F-435D-BF9B-4102088A067A}.Release|Any CPU.Build.0 = Release|Any CPU
		{C76AFCBF-4465-4C14-B95A-1A8ACB339550}.Debug|Any CPU.ActiveCfg = Debug|Any CPU
		{C76AFCBF-4465-4C14-B95A-1A8ACB339550}.Debug|Any CPU.Build.0 = Debug|Any CPU
		{C76AFCBF-4465-4C14-B95A-1A8ACB339550}.Release|Any CPU.ActiveCfg = Release|Any CPU
		{C76AFCBF-4465-4C14-B95A-1A8ACB339550}.Release|Any CPU.Build.0 = Release|Any CPU
		{3AD3ED52-A603-41F0-9E09-F2A4B8F0AEA4}.Debug|Any CPU.ActiveCfg = Debug|Any CPU
		{3AD3ED52-A603-41F0-9E09-F2A4B8F0AEA4}.Debug|Any CPU.Build.0 = Debug|Any CPU
		{3AD3ED52-A603-41F0-9E09-F2A4B8F0AEA4}.Release|Any CPU.ActiveCfg = Release|Any CPU
		{3AD3ED52-A603-41F0-9E09-F2A4B8F0AEA4}.Release|Any CPU.Build.0 = Release|Any CPU
	EndGlobalSection
	GlobalSection(SolutionProperties) = preSolution
		HideSolutionNode = FALSE
	EndGlobalSection
	GlobalSection(ExtensibilityGlobals) = postSolution
		SolutionGuid = {14870F08-BA8C-4256-8F9B-6CD981DB0AB6}
	EndGlobalSection
EndGlobal
